// !$*UTF8*$!
{
	archiveVersion = 1;
	classes = {
	};
	objectVersion = 56;
	objects = {

/* Begin PBXBuildFile section */
		1C49305C2B46CB5100CFDA96 /* RythmmApp.swift in Sources */ = {isa = PBXBuildFile; fileRef = 1C49305B2B46CB5100CFDA96 /* RythmmApp.swift */; };
		1C49305E2B46CB5100CFDA96 /* PlaylistsView.swift in Sources */ = {isa = PBXBuildFile; fileRef = 1C49305D2B46CB5100CFDA96 /* PlaylistsView.swift */; };
		1C4930602B46CB5300CFDA96 /* Assets.xcassets in Resources */ = {isa = PBXBuildFile; fileRef = 1C49305F2B46CB5300CFDA96 /* Assets.xcassets */; };
		1C4930632B46CB5300CFDA96 /* Preview Assets.xcassets in Resources */ = {isa = PBXBuildFile; fileRef = 1C4930622B46CB5300CFDA96 /* Preview Assets.xcassets */; };
		1C49306D2B46CB5300CFDA96 /* RythmmTests.swift in Sources */ = {isa = PBXBuildFile; fileRef = 1C49306C2B46CB5300CFDA96 /* RythmmTests.swift */; };
		1C4930772B46CB5300CFDA96 /* RythmmUITests.swift in Sources */ = {isa = PBXBuildFile; fileRef = 1C4930762B46CB5300CFDA96 /* RythmmUITests.swift */; };
		1C4930792B46CB5300CFDA96 /* RythmmUITestsLaunchTests.swift in Sources */ = {isa = PBXBuildFile; fileRef = 1C4930782B46CB5300CFDA96 /* RythmmUITestsLaunchTests.swift */; };
		1C49307F2B46CB5300CFDA96 /* Rythmm Watch App.app in Embed Watch Content */ = {isa = PBXBuildFile; fileRef = 1C49307E2B46CB5300CFDA96 /* Rythmm Watch App.app */; settings = {ATTRIBUTES = (RemoveHeadersOnCopy, ); }; };
		1C4930842B46CB5300CFDA96 /* RythmmApp.swift in Sources */ = {isa = PBXBuildFile; fileRef = 1C4930832B46CB5300CFDA96 /* RythmmApp.swift */; };
		1C4930862B46CB5300CFDA96 /* ContentView.swift in Sources */ = {isa = PBXBuildFile; fileRef = 1C4930852B46CB5300CFDA96 /* ContentView.swift */; };
		1C4930882B46CB5500CFDA96 /* Assets.xcassets in Resources */ = {isa = PBXBuildFile; fileRef = 1C4930872B46CB5500CFDA96 /* Assets.xcassets */; };
		1C49308B2B46CB5500CFDA96 /* Preview Assets.xcassets in Resources */ = {isa = PBXBuildFile; fileRef = 1C49308A2B46CB5500CFDA96 /* Preview Assets.xcassets */; };
		1C4930952B46CB5500CFDA96 /* Rythmm_Watch_AppTests.swift in Sources */ = {isa = PBXBuildFile; fileRef = 1C4930942B46CB5500CFDA96 /* Rythmm_Watch_AppTests.swift */; };
		1C49309F2B46CB5500CFDA96 /* Rythmm_Watch_AppUITests.swift in Sources */ = {isa = PBXBuildFile; fileRef = 1C49309E2B46CB5500CFDA96 /* Rythmm_Watch_AppUITests.swift */; };
		1C4930A12B46CB5500CFDA96 /* Rythmm_Watch_AppUITestsLaunchTests.swift in Sources */ = {isa = PBXBuildFile; fileRef = 1C4930A02B46CB5500CFDA96 /* Rythmm_Watch_AppUITestsLaunchTests.swift */; };
		1C4930B82B46D0FA00CFDA96 /* Player.swift in Sources */ = {isa = PBXBuildFile; fileRef = 1C4930B72B46D0FA00CFDA96 /* Player.swift */; };
		1C4930BB2B46D1C400CFDA96 /* SongData.swift in Sources */ = {isa = PBXBuildFile; fileRef = 1C4930BA2B46D1C400CFDA96 /* SongData.swift */; };
		1C4930C32B46D23B00CFDA96 /* Beat.ahap in Resources */ = {isa = PBXBuildFile; fileRef = 1C4930BE2B46D23B00CFDA96 /* Beat.ahap */; };
		1C4930C62B46D23B00CFDA96 /* Downbeat.ahap in Resources */ = {isa = PBXBuildFile; fileRef = 1C4930C12B46D23B00CFDA96 /* Downbeat.ahap */; };
		1C946E972B51C7CB0005BC6A /* Playlist.swift in Sources */ = {isa = PBXBuildFile; fileRef = 1C946E962B51C7CB0005BC6A /* Playlist.swift */; };
		1C946E992B51C8870005BC6A /* Song.swift in Sources */ = {isa = PBXBuildFile; fileRef = 1C946E982B51C8870005BC6A /* Song.swift */; };
		1C946E9C2B51CD1B0005BC6A /* utils.swift in Sources */ = {isa = PBXBuildFile; fileRef = 1C946E9B2B51CD1B0005BC6A /* utils.swift */; };
		1C946E9E2B51CD5F0005BC6A /* PlaylistStore.swift in Sources */ = {isa = PBXBuildFile; fileRef = 1C946E9D2B51CD5F0005BC6A /* PlaylistStore.swift */; };
		1C946EA12B51D3BA0005BC6A /* ErrorWrapper.swift in Sources */ = {isa = PBXBuildFile; fileRef = 1C946EA02B51D3BA0005BC6A /* ErrorWrapper.swift */; };
		1C946EA32B51D41E0005BC6A /* ErrorView.swift in Sources */ = {isa = PBXBuildFile; fileRef = 1C946EA22B51D41E0005BC6A /* ErrorView.swift */; };
		1C946EA52B51D4BA0005BC6A /* SongsView.swift in Sources */ = {isa = PBXBuildFile; fileRef = 1C946EA42B51D4BA0005BC6A /* SongsView.swift */; };
		1C946EA72B51D4C80005BC6A /* PlayerView.swift in Sources */ = {isa = PBXBuildFile; fileRef = 1C946EA62B51D4C80005BC6A /* PlayerView.swift */; };
		1CA12EF62B4814D400B50030 /* WatchPlayer.swift in Sources */ = {isa = PBXBuildFile; fileRef = 1CA12EF52B4814D400B50030 /* WatchPlayer.swift */; };
		1CA12F2A2B484E0000B50030 /* SessionDelegator.swift in Sources */ = {isa = PBXBuildFile; fileRef = 1CA12F212B484E0000B50030 /* SessionDelegator.swift */; };
		1CA12F2B2B484E0000B50030 /* SessionDelegator.swift in Sources */ = {isa = PBXBuildFile; fileRef = 1CA12F212B484E0000B50030 /* SessionDelegator.swift */; };
		1CA12F342B4D84E000B50030 /* SongData.swift in Sources */ = {isa = PBXBuildFile; fileRef = 1C4930BA2B46D1C400CFDA96 /* SongData.swift */; };
		1CA56A432B4DC2DC007D1414 /* ExtendedSessionDelegator.swift in Sources */ = {isa = PBXBuildFile; fileRef = 1CA56A422B4DC2DC007D1414 /* ExtendedSessionDelegator.swift */; };
/* End PBXBuildFile section */

/* Begin PBXContainerItemProxy section */
		1C4930692B46CB5300CFDA96 /* PBXContainerItemProxy */ = {
			isa = PBXContainerItemProxy;
			containerPortal = 1C4930502B46CB5100CFDA96 /* Project object */;
			proxyType = 1;
			remoteGlobalIDString = 1C4930572B46CB5100CFDA96;
			remoteInfo = Rythmm;
		};
		1C4930732B46CB5300CFDA96 /* PBXContainerItemProxy */ = {
			isa = PBXContainerItemProxy;
			containerPortal = 1C4930502B46CB5100CFDA96 /* Project object */;
			proxyType = 1;
			remoteGlobalIDString = 1C4930572B46CB5100CFDA96;
			remoteInfo = Rythmm;
		};
		1C4930802B46CB5300CFDA96 /* PBXContainerItemProxy */ = {
			isa = PBXContainerItemProxy;
			containerPortal = 1C4930502B46CB5100CFDA96 /* Project object */;
			proxyType = 1;
			remoteGlobalIDString = 1C49307D2B46CB5300CFDA96;
			remoteInfo = "Rythmm Watch App";
		};
		1C4930912B46CB5500CFDA96 /* PBXContainerItemProxy */ = {
			isa = PBXContainerItemProxy;
			containerPortal = 1C4930502B46CB5100CFDA96 /* Project object */;
			proxyType = 1;
			remoteGlobalIDString = 1C49307D2B46CB5300CFDA96;
			remoteInfo = "Rythmm Watch App";
		};
		1C49309B2B46CB5500CFDA96 /* PBXContainerItemProxy */ = {
			isa = PBXContainerItemProxy;
			containerPortal = 1C4930502B46CB5100CFDA96 /* Project object */;
			proxyType = 1;
			remoteGlobalIDString = 1C49307D2B46CB5300CFDA96;
			remoteInfo = "Rythmm Watch App";
		};
/* End PBXContainerItemProxy section */

/* Begin PBXCopyFilesBuildPhase section */
		1C4930A72B46CB5500CFDA96 /* Embed Watch Content */ = {
			isa = PBXCopyFilesBuildPhase;
			buildActionMask = 2147483647;
			dstPath = "$(CONTENTS_FOLDER_PATH)/Watch";
			dstSubfolderSpec = 16;
			files = (
				1C49307F2B46CB5300CFDA96 /* Rythmm Watch App.app in Embed Watch Content */,
			);
			name = "Embed Watch Content";
			runOnlyForDeploymentPostprocessing = 0;
		};
/* End PBXCopyFilesBuildPhase section */

/* Begin PBXFileReference section */
		1C4930582B46CB5100CFDA96 /* Rythmm.app */ = {isa = PBXFileReference; explicitFileType = wrapper.application; includeInIndex = 0; path = Rythmm.app; sourceTree = BUILT_PRODUCTS_DIR; };
		1C49305B2B46CB5100CFDA96 /* RythmmApp.swift */ = {isa = PBXFileReference; lastKnownFileType = sourcecode.swift; path = RythmmApp.swift; sourceTree = "<group>"; };
		1C49305D2B46CB5100CFDA96 /* PlaylistsView.swift */ = {isa = PBXFileReference; lastKnownFileType = sourcecode.swift; path = PlaylistsView.swift; sourceTree = "<group>"; };
		1C49305F2B46CB5300CFDA96 /* Assets.xcassets */ = {isa = PBXFileReference; lastKnownFileType = folder.assetcatalog; path = Assets.xcassets; sourceTree = "<group>"; };
		1C4930622B46CB5300CFDA96 /* Preview Assets.xcassets */ = {isa = PBXFileReference; lastKnownFileType = folder.assetcatalog; path = "Preview Assets.xcassets"; sourceTree = "<group>"; };
		1C4930682B46CB5300CFDA96 /* RythmmTests.xctest */ = {isa = PBXFileReference; explicitFileType = wrapper.cfbundle; includeInIndex = 0; path = RythmmTests.xctest; sourceTree = BUILT_PRODUCTS_DIR; };
		1C49306C2B46CB5300CFDA96 /* RythmmTests.swift */ = {isa = PBXFileReference; lastKnownFileType = sourcecode.swift; path = RythmmTests.swift; sourceTree = "<group>"; };
		1C4930722B46CB5300CFDA96 /* RythmmUITests.xctest */ = {isa = PBXFileReference; explicitFileType = wrapper.cfbundle; includeInIndex = 0; path = RythmmUITests.xctest; sourceTree = BUILT_PRODUCTS_DIR; };
		1C4930762B46CB5300CFDA96 /* RythmmUITests.swift */ = {isa = PBXFileReference; lastKnownFileType = sourcecode.swift; path = RythmmUITests.swift; sourceTree = "<group>"; };
		1C4930782B46CB5300CFDA96 /* RythmmUITestsLaunchTests.swift */ = {isa = PBXFileReference; lastKnownFileType = sourcecode.swift; path = RythmmUITestsLaunchTests.swift; sourceTree = "<group>"; };
		1C49307E2B46CB5300CFDA96 /* Rythmm Watch App.app */ = {isa = PBXFileReference; explicitFileType = wrapper.application; includeInIndex = 0; path = "Rythmm Watch App.app"; sourceTree = BUILT_PRODUCTS_DIR; };
		1C4930832B46CB5300CFDA96 /* RythmmApp.swift */ = {isa = PBXFileReference; lastKnownFileType = sourcecode.swift; path = RythmmApp.swift; sourceTree = "<group>"; };
		1C4930852B46CB5300CFDA96 /* ContentView.swift */ = {isa = PBXFileReference; lastKnownFileType = sourcecode.swift; path = ContentView.swift; sourceTree = "<group>"; };
		1C4930872B46CB5500CFDA96 /* Assets.xcassets */ = {isa = PBXFileReference; lastKnownFileType = folder.assetcatalog; path = Assets.xcassets; sourceTree = "<group>"; };
		1C49308A2B46CB5500CFDA96 /* Preview Assets.xcassets */ = {isa = PBXFileReference; lastKnownFileType = folder.assetcatalog; path = "Preview Assets.xcassets"; sourceTree = "<group>"; };
		1C4930902B46CB5500CFDA96 /* Rythmm Watch AppTests.xctest */ = {isa = PBXFileReference; explicitFileType = wrapper.cfbundle; includeInIndex = 0; path = "Rythmm Watch AppTests.xctest"; sourceTree = BUILT_PRODUCTS_DIR; };
		1C4930942B46CB5500CFDA96 /* Rythmm_Watch_AppTests.swift */ = {isa = PBXFileReference; lastKnownFileType = sourcecode.swift; path = Rythmm_Watch_AppTests.swift; sourceTree = "<group>"; };
		1C49309A2B46CB5500CFDA96 /* Rythmm Watch AppUITests.xctest */ = {isa = PBXFileReference; explicitFileType = wrapper.cfbundle; includeInIndex = 0; path = "Rythmm Watch AppUITests.xctest"; sourceTree = BUILT_PRODUCTS_DIR; };
		1C49309E2B46CB5500CFDA96 /* Rythmm_Watch_AppUITests.swift */ = {isa = PBXFileReference; lastKnownFileType = sourcecode.swift; path = Rythmm_Watch_AppUITests.swift; sourceTree = "<group>"; };
		1C4930A02B46CB5500CFDA96 /* Rythmm_Watch_AppUITestsLaunchTests.swift */ = {isa = PBXFileReference; lastKnownFileType = sourcecode.swift; path = Rythmm_Watch_AppUITestsLaunchTests.swift; sourceTree = "<group>"; };
		1C4930B72B46D0FA00CFDA96 /* Player.swift */ = {isa = PBXFileReference; lastKnownFileType = sourcecode.swift; path = Player.swift; sourceTree = "<group>"; };
		1C4930B92B46D12600CFDA96 /* Info.plist */ = {isa = PBXFileReference; lastKnownFileType = text.plist; path = Info.plist; sourceTree = "<group>"; };
		1C4930BA2B46D1C400CFDA96 /* SongData.swift */ = {isa = PBXFileReference; lastKnownFileType = sourcecode.swift; path = SongData.swift; sourceTree = "<group>"; };
		1C4930BE2B46D23B00CFDA96 /* Beat.ahap */ = {isa = PBXFileReference; fileEncoding = 4; lastKnownFileType = text; path = Beat.ahap; sourceTree = "<group>"; };
		1C4930C12B46D23B00CFDA96 /* Downbeat.ahap */ = {isa = PBXFileReference; fileEncoding = 4; lastKnownFileType = text; path = Downbeat.ahap; sourceTree = "<group>"; };
		1C946E962B51C7CB0005BC6A /* Playlist.swift */ = {isa = PBXFileReference; lastKnownFileType = sourcecode.swift; path = Playlist.swift; sourceTree = "<group>"; };
		1C946E982B51C8870005BC6A /* Song.swift */ = {isa = PBXFileReference; lastKnownFileType = sourcecode.swift; path = Song.swift; sourceTree = "<group>"; };
		1C946E9B2B51CD1B0005BC6A /* utils.swift */ = {isa = PBXFileReference; lastKnownFileType = sourcecode.swift; path = utils.swift; sourceTree = "<group>"; };
		1C946E9D2B51CD5F0005BC6A /* PlaylistStore.swift */ = {isa = PBXFileReference; lastKnownFileType = sourcecode.swift; path = PlaylistStore.swift; sourceTree = "<group>"; };
		1C946EA02B51D3BA0005BC6A /* ErrorWrapper.swift */ = {isa = PBXFileReference; lastKnownFileType = sourcecode.swift; path = ErrorWrapper.swift; sourceTree = "<group>"; };
		1C946EA22B51D41E0005BC6A /* ErrorView.swift */ = {isa = PBXFileReference; lastKnownFileType = sourcecode.swift; path = ErrorView.swift; sourceTree = "<group>"; };
		1C946EA42B51D4BA0005BC6A /* SongsView.swift */ = {isa = PBXFileReference; lastKnownFileType = sourcecode.swift; path = SongsView.swift; sourceTree = "<group>"; };
		1C946EA62B51D4C80005BC6A /* PlayerView.swift */ = {isa = PBXFileReference; lastKnownFileType = sourcecode.swift; path = PlayerView.swift; sourceTree = "<group>"; };
		1CA12EF52B4814D400B50030 /* WatchPlayer.swift */ = {isa = PBXFileReference; lastKnownFileType = sourcecode.swift; path = WatchPlayer.swift; sourceTree = "<group>"; };
		1CA12EFA2B4840F200B50030 /* Rythmm-Watch-App-Info.plist */ = {isa = PBXFileReference; lastKnownFileType = text.plist; path = "Rythmm-Watch-App-Info.plist"; sourceTree = SOURCE_ROOT; };
		1CA12F212B484E0000B50030 /* SessionDelegator.swift */ = {isa = PBXFileReference; fileEncoding = 4; lastKnownFileType = sourcecode.swift; path = SessionDelegator.swift; sourceTree = "<group>"; };
		1CA56A422B4DC2DC007D1414 /* ExtendedSessionDelegator.swift */ = {isa = PBXFileReference; lastKnownFileType = sourcecode.swift; path = ExtendedSessionDelegator.swift; sourceTree = "<group>"; };
/* End PBXFileReference section */

/* Begin PBXFrameworksBuildPhase section */
		1C4930552B46CB5100CFDA96 /* Frameworks */ = {
			isa = PBXFrameworksBuildPhase;
			buildActionMask = 2147483647;
			files = (
			);
			runOnlyForDeploymentPostprocessing = 0;
		};
		1C4930652B46CB5300CFDA96 /* Frameworks */ = {
			isa = PBXFrameworksBuildPhase;
			buildActionMask = 2147483647;
			files = (
			);
			runOnlyForDeploymentPostprocessing = 0;
		};
		1C49306F2B46CB5300CFDA96 /* Frameworks */ = {
			isa = PBXFrameworksBuildPhase;
			buildActionMask = 2147483647;
			files = (
			);
			runOnlyForDeploymentPostprocessing = 0;
		};
		1C49307B2B46CB5300CFDA96 /* Frameworks */ = {
			isa = PBXFrameworksBuildPhase;
			buildActionMask = 2147483647;
			files = (
			);
			runOnlyForDeploymentPostprocessing = 0;
		};
		1C49308D2B46CB5500CFDA96 /* Frameworks */ = {
			isa = PBXFrameworksBuildPhase;
			buildActionMask = 2147483647;
			files = (
			);
			runOnlyForDeploymentPostprocessing = 0;
		};
		1C4930972B46CB5500CFDA96 /* Frameworks */ = {
			isa = PBXFrameworksBuildPhase;
			buildActionMask = 2147483647;
			files = (
			);
			runOnlyForDeploymentPostprocessing = 0;
		};
/* End PBXFrameworksBuildPhase section */

/* Begin PBXGroup section */
		1C49304F2B46CB5100CFDA96 = {
			isa = PBXGroup;
			children = (
				1CA12F1E2B484DE100B50030 /* Shared */,
				1C49305A2B46CB5100CFDA96 /* Rythmm */,
				1C49306B2B46CB5300CFDA96 /* RythmmTests */,
				1C4930752B46CB5300CFDA96 /* RythmmUITests */,
				1C4930822B46CB5300CFDA96 /* Rythmm Watch App */,
				1C4930932B46CB5500CFDA96 /* Rythmm Watch AppTests */,
				1C49309D2B46CB5500CFDA96 /* Rythmm Watch AppUITests */,
				1C4930592B46CB5100CFDA96 /* Products */,
			);
			sourceTree = "<group>";
		};
		1C4930592B46CB5100CFDA96 /* Products */ = {
			isa = PBXGroup;
			children = (
				1C4930582B46CB5100CFDA96 /* Rythmm.app */,
				1C4930682B46CB5300CFDA96 /* RythmmTests.xctest */,
				1C4930722B46CB5300CFDA96 /* RythmmUITests.xctest */,
				1C49307E2B46CB5300CFDA96 /* Rythmm Watch App.app */,
				1C4930902B46CB5500CFDA96 /* Rythmm Watch AppTests.xctest */,
				1C49309A2B46CB5500CFDA96 /* Rythmm Watch AppUITests.xctest */,
			);
			name = Products;
			sourceTree = "<group>";
		};
		1C49305A2B46CB5100CFDA96 /* Rythmm */ = {
			isa = PBXGroup;
			children = (
				1C946E9F2B51D1050005BC6A /* Views */,
				1C946E9A2B51CD0F0005BC6A /* Utils */,
				1C946E952B51C7B60005BC6A /* Models */,
				1C4930BE2B46D23B00CFDA96 /* Beat.ahap */,
				1C4930C12B46D23B00CFDA96 /* Downbeat.ahap */,
				1C4930B92B46D12600CFDA96 /* Info.plist */,
				1C49305B2B46CB5100CFDA96 /* RythmmApp.swift */,
				1C49305F2B46CB5300CFDA96 /* Assets.xcassets */,
				1C4930612B46CB5300CFDA96 /* Preview Content */,
			);
			path = Rythmm;
			sourceTree = "<group>";
		};
		1C4930612B46CB5300CFDA96 /* Preview Content */ = {
			isa = PBXGroup;
			children = (
				1C4930622B46CB5300CFDA96 /* Preview Assets.xcassets */,
			);
			path = "Preview Content";
			sourceTree = "<group>";
		};
		1C49306B2B46CB5300CFDA96 /* RythmmTests */ = {
			isa = PBXGroup;
			children = (
				1C49306C2B46CB5300CFDA96 /* RythmmTests.swift */,
			);
			path = RythmmTests;
			sourceTree = "<group>";
		};
		1C4930752B46CB5300CFDA96 /* RythmmUITests */ = {
			isa = PBXGroup;
			children = (
				1C4930762B46CB5300CFDA96 /* RythmmUITests.swift */,
				1C4930782B46CB5300CFDA96 /* RythmmUITestsLaunchTests.swift */,
			);
			path = RythmmUITests;
			sourceTree = "<group>";
		};
		1C4930822B46CB5300CFDA96 /* Rythmm Watch App */ = {
			isa = PBXGroup;
			children = (
				1CA12EFA2B4840F200B50030 /* Rythmm-Watch-App-Info.plist */,
				1C4930832B46CB5300CFDA96 /* RythmmApp.swift */,
				1C4930852B46CB5300CFDA96 /* ContentView.swift */,
				1C4930872B46CB5500CFDA96 /* Assets.xcassets */,
				1C4930892B46CB5500CFDA96 /* Preview Content */,
				1CA12EF52B4814D400B50030 /* WatchPlayer.swift */,
				1CA56A422B4DC2DC007D1414 /* ExtendedSessionDelegator.swift */,
			);
			path = "Rythmm Watch App";
			sourceTree = "<group>";
		};
		1C4930892B46CB5500CFDA96 /* Preview Content */ = {
			isa = PBXGroup;
			children = (
				1C49308A2B46CB5500CFDA96 /* Preview Assets.xcassets */,
			);
			path = "Preview Content";
			sourceTree = "<group>";
		};
		1C4930932B46CB5500CFDA96 /* Rythmm Watch AppTests */ = {
			isa = PBXGroup;
			children = (
				1C4930942B46CB5500CFDA96 /* Rythmm_Watch_AppTests.swift */,
			);
			path = "Rythmm Watch AppTests";
			sourceTree = "<group>";
		};
		1C49309D2B46CB5500CFDA96 /* Rythmm Watch AppUITests */ = {
			isa = PBXGroup;
			children = (
				1C49309E2B46CB5500CFDA96 /* Rythmm_Watch_AppUITests.swift */,
				1C4930A02B46CB5500CFDA96 /* Rythmm_Watch_AppUITestsLaunchTests.swift */,
			);
			path = "Rythmm Watch AppUITests";
			sourceTree = "<group>";
		};
		1C946E952B51C7B60005BC6A /* Models */ = {
			isa = PBXGroup;
			children = (
				1C4930B72B46D0FA00CFDA96 /* Player.swift */,
				1C946E962B51C7CB0005BC6A /* Playlist.swift */,
				1C946E982B51C8870005BC6A /* Song.swift */,
				1C946E9D2B51CD5F0005BC6A /* PlaylistStore.swift */,
				1C946EA02B51D3BA0005BC6A /* ErrorWrapper.swift */,
			);
			path = Models;
			sourceTree = "<group>";
		};
		1C946E9A2B51CD0F0005BC6A /* Utils */ = {
			isa = PBXGroup;
			children = (
				1C946E9B2B51CD1B0005BC6A /* utils.swift */,
			);
			path = Utils;
			sourceTree = "<group>";
		};
		1C946E9F2B51D1050005BC6A /* Views */ = {
			isa = PBXGroup;
			children = (
				1C49305D2B46CB5100CFDA96 /* PlaylistsView.swift */,
				1C946EA22B51D41E0005BC6A /* ErrorView.swift */,
				1C946EA42B51D4BA0005BC6A /* SongsView.swift */,
				1C946EA62B51D4C80005BC6A /* PlayerView.swift */,
			);
			path = Views;
			sourceTree = "<group>";
		};
		1CA12F1E2B484DE100B50030 /* Shared */ = {
			isa = PBXGroup;
			children = (
				1CA12F212B484E0000B50030 /* SessionDelegator.swift */,
				1C4930BA2B46D1C400CFDA96 /* SongData.swift */,
			);
			path = Shared;
			sourceTree = "<group>";
		};
/* End PBXGroup section */

/* Begin PBXNativeTarget section */
		1C4930572B46CB5100CFDA96 /* Rythmm */ = {
			isa = PBXNativeTarget;
			buildConfigurationList = 1C4930A82B46CB5500CFDA96 /* Build configuration list for PBXNativeTarget "Rythmm" */;
			buildPhases = (
				1C4930542B46CB5100CFDA96 /* Sources */,
				1C4930552B46CB5100CFDA96 /* Frameworks */,
				1C4930562B46CB5100CFDA96 /* Resources */,
				1C4930A72B46CB5500CFDA96 /* Embed Watch Content */,
			);
			buildRules = (
			);
			dependencies = (
				1C4930812B46CB5300CFDA96 /* PBXTargetDependency */,
			);
			name = Rythmm;
			productName = Rythmm;
			productReference = 1C4930582B46CB5100CFDA96 /* Rythmm.app */;
			productType = "com.apple.product-type.application";
		};
		1C4930672B46CB5300CFDA96 /* RythmmTests */ = {
			isa = PBXNativeTarget;
			buildConfigurationList = 1C4930AB2B46CB5500CFDA96 /* Build configuration list for PBXNativeTarget "RythmmTests" */;
			buildPhases = (
				1C4930642B46CB5300CFDA96 /* Sources */,
				1C4930652B46CB5300CFDA96 /* Frameworks */,
				1C4930662B46CB5300CFDA96 /* Resources */,
			);
			buildRules = (
			);
			dependencies = (
				1C49306A2B46CB5300CFDA96 /* PBXTargetDependency */,
			);
			name = RythmmTests;
			productName = RythmmTests;
			productReference = 1C4930682B46CB5300CFDA96 /* RythmmTests.xctest */;
			productType = "com.apple.product-type.bundle.unit-test";
		};
		1C4930712B46CB5300CFDA96 /* RythmmUITests */ = {
			isa = PBXNativeTarget;
			buildConfigurationList = 1C4930AE2B46CB5500CFDA96 /* Build configuration list for PBXNativeTarget "RythmmUITests" */;
			buildPhases = (
				1C49306E2B46CB5300CFDA96 /* Sources */,
				1C49306F2B46CB5300CFDA96 /* Frameworks */,
				1C4930702B46CB5300CFDA96 /* Resources */,
			);
			buildRules = (
			);
			dependencies = (
				1C4930742B46CB5300CFDA96 /* PBXTargetDependency */,
			);
			name = RythmmUITests;
			productName = RythmmUITests;
			productReference = 1C4930722B46CB5300CFDA96 /* RythmmUITests.xctest */;
			productType = "com.apple.product-type.bundle.ui-testing";
		};
		1C49307D2B46CB5300CFDA96 /* Rythmm Watch App */ = {
			isa = PBXNativeTarget;
			buildConfigurationList = 1C4930A42B46CB5500CFDA96 /* Build configuration list for PBXNativeTarget "Rythmm Watch App" */;
			buildPhases = (
				1C49307A2B46CB5300CFDA96 /* Sources */,
				1C49307B2B46CB5300CFDA96 /* Frameworks */,
				1C49307C2B46CB5300CFDA96 /* Resources */,
			);
			buildRules = (
			);
			dependencies = (
			);
			name = "Rythmm Watch App";
			productName = "Rythmm Watch App";
			productReference = 1C49307E2B46CB5300CFDA96 /* Rythmm Watch App.app */;
			productType = "com.apple.product-type.application";
		};
		1C49308F2B46CB5500CFDA96 /* Rythmm Watch AppTests */ = {
			isa = PBXNativeTarget;
			buildConfigurationList = 1C4930B12B46CB5500CFDA96 /* Build configuration list for PBXNativeTarget "Rythmm Watch AppTests" */;
			buildPhases = (
				1C49308C2B46CB5500CFDA96 /* Sources */,
				1C49308D2B46CB5500CFDA96 /* Frameworks */,
				1C49308E2B46CB5500CFDA96 /* Resources */,
			);
			buildRules = (
			);
			dependencies = (
				1C4930922B46CB5500CFDA96 /* PBXTargetDependency */,
			);
			name = "Rythmm Watch AppTests";
			productName = "Rythmm Watch AppTests";
			productReference = 1C4930902B46CB5500CFDA96 /* Rythmm Watch AppTests.xctest */;
			productType = "com.apple.product-type.bundle.unit-test";
		};
		1C4930992B46CB5500CFDA96 /* Rythmm Watch AppUITests */ = {
			isa = PBXNativeTarget;
			buildConfigurationList = 1C4930B42B46CB5500CFDA96 /* Build configuration list for PBXNativeTarget "Rythmm Watch AppUITests" */;
			buildPhases = (
				1C4930962B46CB5500CFDA96 /* Sources */,
				1C4930972B46CB5500CFDA96 /* Frameworks */,
				1C4930982B46CB5500CFDA96 /* Resources */,
			);
			buildRules = (
			);
			dependencies = (
				1C49309C2B46CB5500CFDA96 /* PBXTargetDependency */,
			);
			name = "Rythmm Watch AppUITests";
			productName = "Rythmm Watch AppUITests";
			productReference = 1C49309A2B46CB5500CFDA96 /* Rythmm Watch AppUITests.xctest */;
			productType = "com.apple.product-type.bundle.ui-testing";
		};
/* End PBXNativeTarget section */

/* Begin PBXProject section */
		1C4930502B46CB5100CFDA96 /* Project object */ = {
			isa = PBXProject;
			attributes = {
				BuildIndependentTargetsInParallel = 1;
				LastSwiftUpdateCheck = 1510;
				LastUpgradeCheck = 1520;
				TargetAttributes = {
					1C4930572B46CB5100CFDA96 = {
						CreatedOnToolsVersion = 15.1;
					};
					1C4930672B46CB5300CFDA96 = {
						CreatedOnToolsVersion = 15.1;
						TestTargetID = 1C4930572B46CB5100CFDA96;
					};
					1C4930712B46CB5300CFDA96 = {
						CreatedOnToolsVersion = 15.1;
						TestTargetID = 1C4930572B46CB5100CFDA96;
					};
					1C49307D2B46CB5300CFDA96 = {
						CreatedOnToolsVersion = 15.1;
					};
					1C49308F2B46CB5500CFDA96 = {
						CreatedOnToolsVersion = 15.1;
						TestTargetID = 1C49307D2B46CB5300CFDA96;
					};
					1C4930992B46CB5500CFDA96 = {
						CreatedOnToolsVersion = 15.1;
						TestTargetID = 1C49307D2B46CB5300CFDA96;
					};
				};
			};
			buildConfigurationList = 1C4930532B46CB5100CFDA96 /* Build configuration list for PBXProject "Rythmm" */;
			compatibilityVersion = "Xcode 14.0";
			developmentRegion = en;
			hasScannedForEncodings = 0;
			knownRegions = (
				en,
				Base,
			);
			mainGroup = 1C49304F2B46CB5100CFDA96;
			productRefGroup = 1C4930592B46CB5100CFDA96 /* Products */;
			projectDirPath = "";
			projectRoot = "";
			targets = (
				1C4930572B46CB5100CFDA96 /* Rythmm */,
				1C4930672B46CB5300CFDA96 /* RythmmTests */,
				1C4930712B46CB5300CFDA96 /* RythmmUITests */,
				1C49307D2B46CB5300CFDA96 /* Rythmm Watch App */,
				1C49308F2B46CB5500CFDA96 /* Rythmm Watch AppTests */,
				1C4930992B46CB5500CFDA96 /* Rythmm Watch AppUITests */,
			);
		};
/* End PBXProject section */

/* Begin PBXResourcesBuildPhase section */
		1C4930562B46CB5100CFDA96 /* Resources */ = {
			isa = PBXResourcesBuildPhase;
			buildActionMask = 2147483647;
			files = (
				1C4930C62B46D23B00CFDA96 /* Downbeat.ahap in Resources */,
				1C4930632B46CB5300CFDA96 /* Preview Assets.xcassets in Resources */,
				1C4930C32B46D23B00CFDA96 /* Beat.ahap in Resources */,
				1C4930602B46CB5300CFDA96 /* Assets.xcassets in Resources */,
			);
			runOnlyForDeploymentPostprocessing = 0;
		};
		1C4930662B46CB5300CFDA96 /* Resources */ = {
			isa = PBXResourcesBuildPhase;
			buildActionMask = 2147483647;
			files = (
			);
			runOnlyForDeploymentPostprocessing = 0;
		};
		1C4930702B46CB5300CFDA96 /* Resources */ = {
			isa = PBXResourcesBuildPhase;
			buildActionMask = 2147483647;
			files = (
			);
			runOnlyForDeploymentPostprocessing = 0;
		};
		1C49307C2B46CB5300CFDA96 /* Resources */ = {
			isa = PBXResourcesBuildPhase;
			buildActionMask = 2147483647;
			files = (
				1C49308B2B46CB5500CFDA96 /* Preview Assets.xcassets in Resources */,
				1C4930882B46CB5500CFDA96 /* Assets.xcassets in Resources */,
			);
			runOnlyForDeploymentPostprocessing = 0;
		};
		1C49308E2B46CB5500CFDA96 /* Resources */ = {
			isa = PBXResourcesBuildPhase;
			buildActionMask = 2147483647;
			files = (
			);
			runOnlyForDeploymentPostprocessing = 0;
		};
		1C4930982B46CB5500CFDA96 /* Resources */ = {
			isa = PBXResourcesBuildPhase;
			buildActionMask = 2147483647;
			files = (
			);
			runOnlyForDeploymentPostprocessing = 0;
		};
/* End PBXResourcesBuildPhase section */

/* Begin PBXSourcesBuildPhase section */
		1C4930542B46CB5100CFDA96 /* Sources */ = {
			isa = PBXSourcesBuildPhase;
			buildActionMask = 2147483647;
			files = (
				1C946E9C2B51CD1B0005BC6A /* utils.swift in Sources */,
				1C946E992B51C8870005BC6A /* Song.swift in Sources */,
				1C946EA12B51D3BA0005BC6A /* ErrorWrapper.swift in Sources */,
				1C946EA72B51D4C80005BC6A /* PlayerView.swift in Sources */,
				1C946EA52B51D4BA0005BC6A /* SongsView.swift in Sources */,
				1C49305E2B46CB5100CFDA96 /* PlaylistsView.swift in Sources */,
				1C946E972B51C7CB0005BC6A /* Playlist.swift in Sources */,
				1C946EA32B51D41E0005BC6A /* ErrorView.swift in Sources */,
				1C4930B82B46D0FA00CFDA96 /* Player.swift in Sources */,
				1CA12F2A2B484E0000B50030 /* SessionDelegator.swift in Sources */,
				1C4930BB2B46D1C400CFDA96 /* SongData.swift in Sources */,
				1C946E9E2B51CD5F0005BC6A /* PlaylistStore.swift in Sources */,
				1C49305C2B46CB5100CFDA96 /* RythmmApp.swift in Sources */,
			);
			runOnlyForDeploymentPostprocessing = 0;
		};
		1C4930642B46CB5300CFDA96 /* Sources */ = {
			isa = PBXSourcesBuildPhase;
			buildActionMask = 2147483647;
			files = (
				1C49306D2B46CB5300CFDA96 /* RythmmTests.swift in Sources */,
			);
			runOnlyForDeploymentPostprocessing = 0;
		};
		1C49306E2B46CB5300CFDA96 /* Sources */ = {
			isa = PBXSourcesBuildPhase;
			buildActionMask = 2147483647;
			files = (
				1C4930772B46CB5300CFDA96 /* RythmmUITests.swift in Sources */,
				1C4930792B46CB5300CFDA96 /* RythmmUITestsLaunchTests.swift in Sources */,
			);
			runOnlyForDeploymentPostprocessing = 0;
		};
		1C49307A2B46CB5300CFDA96 /* Sources */ = {
			isa = PBXSourcesBuildPhase;
			buildActionMask = 2147483647;
			files = (
				1CA12F342B4D84E000B50030 /* SongData.swift in Sources */,
				1C4930862B46CB5300CFDA96 /* ContentView.swift in Sources */,
				1CA56A432B4DC2DC007D1414 /* ExtendedSessionDelegator.swift in Sources */,
				1CA12F2B2B484E0000B50030 /* SessionDelegator.swift in Sources */,
				1C4930842B46CB5300CFDA96 /* RythmmApp.swift in Sources */,
				1CA12EF62B4814D400B50030 /* WatchPlayer.swift in Sources */,
			);
			runOnlyForDeploymentPostprocessing = 0;
		};
		1C49308C2B46CB5500CFDA96 /* Sources */ = {
			isa = PBXSourcesBuildPhase;
			buildActionMask = 2147483647;
			files = (
				1C4930952B46CB5500CFDA96 /* Rythmm_Watch_AppTests.swift in Sources */,
			);
			runOnlyForDeploymentPostprocessing = 0;
		};
		1C4930962B46CB5500CFDA96 /* Sources */ = {
			isa = PBXSourcesBuildPhase;
			buildActionMask = 2147483647;
			files = (
				1C49309F2B46CB5500CFDA96 /* Rythmm_Watch_AppUITests.swift in Sources */,
				1C4930A12B46CB5500CFDA96 /* Rythmm_Watch_AppUITestsLaunchTests.swift in Sources */,
			);
			runOnlyForDeploymentPostprocessing = 0;
		};
/* End PBXSourcesBuildPhase section */

/* Begin PBXTargetDependency section */
		1C49306A2B46CB5300CFDA96 /* PBXTargetDependency */ = {
			isa = PBXTargetDependency;
			target = 1C4930572B46CB5100CFDA96 /* Rythmm */;
			targetProxy = 1C4930692B46CB5300CFDA96 /* PBXContainerItemProxy */;
		};
		1C4930742B46CB5300CFDA96 /* PBXTargetDependency */ = {
			isa = PBXTargetDependency;
			target = 1C4930572B46CB5100CFDA96 /* Rythmm */;
			targetProxy = 1C4930732B46CB5300CFDA96 /* PBXContainerItemProxy */;
		};
		1C4930812B46CB5300CFDA96 /* PBXTargetDependency */ = {
			isa = PBXTargetDependency;
			target = 1C49307D2B46CB5300CFDA96 /* Rythmm Watch App */;
			targetProxy = 1C4930802B46CB5300CFDA96 /* PBXContainerItemProxy */;
		};
		1C4930922B46CB5500CFDA96 /* PBXTargetDependency */ = {
			isa = PBXTargetDependency;
			target = 1C49307D2B46CB5300CFDA96 /* Rythmm Watch App */;
			targetProxy = 1C4930912B46CB5500CFDA96 /* PBXContainerItemProxy */;
		};
		1C49309C2B46CB5500CFDA96 /* PBXTargetDependency */ = {
			isa = PBXTargetDependency;
			target = 1C49307D2B46CB5300CFDA96 /* Rythmm Watch App */;
			targetProxy = 1C49309B2B46CB5500CFDA96 /* PBXContainerItemProxy */;
		};
/* End PBXTargetDependency section */

/* Begin XCBuildConfiguration section */
		1C4930A22B46CB5500CFDA96 /* Debug */ = {
			isa = XCBuildConfiguration;
			buildSettings = {
				ALWAYS_SEARCH_USER_PATHS = NO;
				ASSETCATALOG_COMPILER_GENERATE_SWIFT_ASSET_SYMBOL_EXTENSIONS = YES;
				CLANG_ANALYZER_NONNULL = YES;
				CLANG_ANALYZER_NUMBER_OBJECT_CONVERSION = YES_AGGRESSIVE;
				CLANG_CXX_LANGUAGE_STANDARD = "gnu++20";
				CLANG_ENABLE_MODULES = YES;
				CLANG_ENABLE_OBJC_ARC = YES;
				CLANG_ENABLE_OBJC_WEAK = YES;
				CLANG_WARN_BLOCK_CAPTURE_AUTORELEASING = YES;
				CLANG_WARN_BOOL_CONVERSION = YES;
				CLANG_WARN_COMMA = YES;
				CLANG_WARN_CONSTANT_CONVERSION = YES;
				CLANG_WARN_DEPRECATED_OBJC_IMPLEMENTATIONS = YES;
				CLANG_WARN_DIRECT_OBJC_ISA_USAGE = YES_ERROR;
				CLANG_WARN_DOCUMENTATION_COMMENTS = YES;
				CLANG_WARN_EMPTY_BODY = YES;
				CLANG_WARN_ENUM_CONVERSION = YES;
				CLANG_WARN_INFINITE_RECURSION = YES;
				CLANG_WARN_INT_CONVERSION = YES;
				CLANG_WARN_NON_LITERAL_NULL_CONVERSION = YES;
				CLANG_WARN_OBJC_IMPLICIT_RETAIN_SELF = YES;
				CLANG_WARN_OBJC_LITERAL_CONVERSION = YES;
				CLANG_WARN_OBJC_ROOT_CLASS = YES_ERROR;
				CLANG_WARN_QUOTED_INCLUDE_IN_FRAMEWORK_HEADER = YES;
				CLANG_WARN_RANGE_LOOP_ANALYSIS = YES;
				CLANG_WARN_STRICT_PROTOTYPES = YES;
				CLANG_WARN_SUSPICIOUS_MOVE = YES;
				CLANG_WARN_UNGUARDED_AVAILABILITY = YES_AGGRESSIVE;
				CLANG_WARN_UNREACHABLE_CODE = YES;
				CLANG_WARN__DUPLICATE_METHOD_MATCH = YES;
				COPY_PHASE_STRIP = NO;
				DEAD_CODE_STRIPPING = YES;
				DEBUG_INFORMATION_FORMAT = dwarf;
				ENABLE_STRICT_OBJC_MSGSEND = YES;
				ENABLE_TESTABILITY = YES;
				ENABLE_USER_SCRIPT_SANDBOXING = YES;
				GCC_C_LANGUAGE_STANDARD = gnu17;
				GCC_DYNAMIC_NO_PIC = NO;
				GCC_NO_COMMON_BLOCKS = YES;
				GCC_OPTIMIZATION_LEVEL = 0;
				GCC_PREPROCESSOR_DEFINITIONS = (
					"DEBUG=1",
					"$(inherited)",
				);
				GCC_WARN_64_TO_32_BIT_CONVERSION = YES;
				GCC_WARN_ABOUT_RETURN_TYPE = YES_ERROR;
				GCC_WARN_UNDECLARED_SELECTOR = YES;
				GCC_WARN_UNINITIALIZED_AUTOS = YES_AGGRESSIVE;
				GCC_WARN_UNUSED_FUNCTION = YES;
				GCC_WARN_UNUSED_VARIABLE = YES;
				IPHONEOS_DEPLOYMENT_TARGET = 17.2;
				LOCALIZATION_PREFERS_STRING_CATALOGS = YES;
				MTL_ENABLE_DEBUG_INFO = INCLUDE_SOURCE;
				MTL_FAST_MATH = YES;
				ONLY_ACTIVE_ARCH = YES;
				SWIFT_ACTIVE_COMPILATION_CONDITIONS = "DEBUG $(inherited)";
				SWIFT_OPTIMIZATION_LEVEL = "-Onone";
				WATCHOS_DEPLOYMENT_TARGET = 10.2;
			};
			name = Debug;
		};
		1C4930A32B46CB5500CFDA96 /* Release */ = {
			isa = XCBuildConfiguration;
			buildSettings = {
				ALWAYS_SEARCH_USER_PATHS = NO;
				ASSETCATALOG_COMPILER_GENERATE_SWIFT_ASSET_SYMBOL_EXTENSIONS = YES;
				CLANG_ANALYZER_NONNULL = YES;
				CLANG_ANALYZER_NUMBER_OBJECT_CONVERSION = YES_AGGRESSIVE;
				CLANG_CXX_LANGUAGE_STANDARD = "gnu++20";
				CLANG_ENABLE_MODULES = YES;
				CLANG_ENABLE_OBJC_ARC = YES;
				CLANG_ENABLE_OBJC_WEAK = YES;
				CLANG_WARN_BLOCK_CAPTURE_AUTORELEASING = YES;
				CLANG_WARN_BOOL_CONVERSION = YES;
				CLANG_WARN_COMMA = YES;
				CLANG_WARN_CONSTANT_CONVERSION = YES;
				CLANG_WARN_DEPRECATED_OBJC_IMPLEMENTATIONS = YES;
				CLANG_WARN_DIRECT_OBJC_ISA_USAGE = YES_ERROR;
				CLANG_WARN_DOCUMENTATION_COMMENTS = YES;
				CLANG_WARN_EMPTY_BODY = YES;
				CLANG_WARN_ENUM_CONVERSION = YES;
				CLANG_WARN_INFINITE_RECURSION = YES;
				CLANG_WARN_INT_CONVERSION = YES;
				CLANG_WARN_NON_LITERAL_NULL_CONVERSION = YES;
				CLANG_WARN_OBJC_IMPLICIT_RETAIN_SELF = YES;
				CLANG_WARN_OBJC_LITERAL_CONVERSION = YES;
				CLANG_WARN_OBJC_ROOT_CLASS = YES_ERROR;
				CLANG_WARN_QUOTED_INCLUDE_IN_FRAMEWORK_HEADER = YES;
				CLANG_WARN_RANGE_LOOP_ANALYSIS = YES;
				CLANG_WARN_STRICT_PROTOTYPES = YES;
				CLANG_WARN_SUSPICIOUS_MOVE = YES;
				CLANG_WARN_UNGUARDED_AVAILABILITY = YES_AGGRESSIVE;
				CLANG_WARN_UNREACHABLE_CODE = YES;
				CLANG_WARN__DUPLICATE_METHOD_MATCH = YES;
				COPY_PHASE_STRIP = NO;
				DEAD_CODE_STRIPPING = YES;
				DEBUG_INFORMATION_FORMAT = "dwarf-with-dsym";
				ENABLE_NS_ASSERTIONS = NO;
				ENABLE_STRICT_OBJC_MSGSEND = YES;
				ENABLE_USER_SCRIPT_SANDBOXING = YES;
				GCC_C_LANGUAGE_STANDARD = gnu17;
				GCC_NO_COMMON_BLOCKS = YES;
				GCC_WARN_64_TO_32_BIT_CONVERSION = YES;
				GCC_WARN_ABOUT_RETURN_TYPE = YES_ERROR;
				GCC_WARN_UNDECLARED_SELECTOR = YES;
				GCC_WARN_UNINITIALIZED_AUTOS = YES_AGGRESSIVE;
				GCC_WARN_UNUSED_FUNCTION = YES;
				GCC_WARN_UNUSED_VARIABLE = YES;
				IPHONEOS_DEPLOYMENT_TARGET = 17.2;
				LOCALIZATION_PREFERS_STRING_CATALOGS = YES;
				MTL_ENABLE_DEBUG_INFO = NO;
				MTL_FAST_MATH = YES;
				SWIFT_COMPILATION_MODE = wholemodule;
				WATCHOS_DEPLOYMENT_TARGET = 10.2;
			};
			name = Release;
		};
		1C4930A52B46CB5500CFDA96 /* Debug */ = {
			isa = XCBuildConfiguration;
			buildSettings = {
				ASSETCATALOG_COMPILER_APPICON_NAME = AppIcon;
				ASSETCATALOG_COMPILER_GLOBAL_ACCENT_COLOR_NAME = AccentColor;
				CODE_SIGN_STYLE = Automatic;
				CURRENT_PROJECT_VERSION = 1;
				DEVELOPMENT_ASSET_PATHS = "\"Rythmm Watch App/Preview Content\"";
				DEVELOPMENT_TEAM = F4Z7AD8U23;
				ENABLE_PREVIEWS = YES;
				GENERATE_INFOPLIST_FILE = YES;
				INFOPLIST_FILE = "Rythmm-Watch-App-Info.plist";
				INFOPLIST_KEY_CFBundleDisplayName = Rythmm;
				INFOPLIST_KEY_UISupportedInterfaceOrientations = "UIInterfaceOrientationPortrait UIInterfaceOrientationPortraitUpsideDown";
				INFOPLIST_KEY_WKCompanionAppBundleIdentifier = co.hotdata.Rythmm;
				LD_RUNPATH_SEARCH_PATHS = (
					"$(inherited)",
					"@executable_path/Frameworks",
				);
				MARKETING_VERSION = 1.0;
				PRODUCT_BUNDLE_IDENTIFIER = co.hotdata.Rythmm.watchkitapp;
				PRODUCT_NAME = "$(TARGET_NAME)";
				SDKROOT = watchos;
				SKIP_INSTALL = YES;
				SWIFT_EMIT_LOC_STRINGS = YES;
				SWIFT_VERSION = 5.0;
				TARGETED_DEVICE_FAMILY = 4;
				WATCHOS_DEPLOYMENT_TARGET = 10.2;
			};
			name = Debug;
		};
		1C4930A62B46CB5500CFDA96 /* Release */ = {
			isa = XCBuildConfiguration;
			buildSettings = {
				ASSETCATALOG_COMPILER_APPICON_NAME = AppIcon;
				ASSETCATALOG_COMPILER_GLOBAL_ACCENT_COLOR_NAME = AccentColor;
				CODE_SIGN_STYLE = Automatic;
				CURRENT_PROJECT_VERSION = 1;
				DEVELOPMENT_ASSET_PATHS = "\"Rythmm Watch App/Preview Content\"";
				DEVELOPMENT_TEAM = F4Z7AD8U23;
				ENABLE_PREVIEWS = YES;
				GENERATE_INFOPLIST_FILE = YES;
				INFOPLIST_FILE = "Rythmm-Watch-App-Info.plist";
				INFOPLIST_KEY_CFBundleDisplayName = Rythmm;
				INFOPLIST_KEY_UISupportedInterfaceOrientations = "UIInterfaceOrientationPortrait UIInterfaceOrientationPortraitUpsideDown";
				INFOPLIST_KEY_WKCompanionAppBundleIdentifier = co.hotdata.Rythmm;
				LD_RUNPATH_SEARCH_PATHS = (
					"$(inherited)",
					"@executable_path/Frameworks",
				);
				MARKETING_VERSION = 1.0;
				PRODUCT_BUNDLE_IDENTIFIER = co.hotdata.Rythmm.watchkitapp;
				PRODUCT_NAME = "$(TARGET_NAME)";
				SDKROOT = watchos;
				SKIP_INSTALL = YES;
				SWIFT_EMIT_LOC_STRINGS = YES;
				SWIFT_VERSION = 5.0;
				TARGETED_DEVICE_FAMILY = 4;
				VALIDATE_PRODUCT = YES;
				WATCHOS_DEPLOYMENT_TARGET = 10.2;
			};
			name = Release;
		};
		1C4930A92B46CB5500CFDA96 /* Debug */ = {
			isa = XCBuildConfiguration;
			buildSettings = {
				ALWAYS_EMBED_SWIFT_STANDARD_LIBRARIES = YES;
				ASSETCATALOG_COMPILER_APPICON_NAME = AppIcon;
				ASSETCATALOG_COMPILER_GLOBAL_ACCENT_COLOR_NAME = AccentColor;
				CODE_SIGN_STYLE = Automatic;
				CURRENT_PROJECT_VERSION = 1;
				DEVELOPMENT_ASSET_PATHS = "\"Rythmm/Preview Content\"";
				DEVELOPMENT_TEAM = F4Z7AD8U23;
				ENABLE_PREVIEWS = YES;
				GENERATE_INFOPLIST_FILE = YES;
				INFOPLIST_FILE = Rythmm/Info.plist;
				INFOPLIST_KEY_CFBundleDisplayName = Rythmm;
				INFOPLIST_KEY_UIApplicationSceneManifest_Generation = YES;
				INFOPLIST_KEY_UIApplicationSupportsIndirectInputEvents = YES;
				INFOPLIST_KEY_UILaunchScreen_Generation = YES;
				INFOPLIST_KEY_UISupportedInterfaceOrientations_iPad = "UIInterfaceOrientationPortrait UIInterfaceOrientationPortraitUpsideDown UIInterfaceOrientationLandscapeLeft UIInterfaceOrientationLandscapeRight";
				INFOPLIST_KEY_UISupportedInterfaceOrientations_iPhone = "UIInterfaceOrientationPortrait UIInterfaceOrientationLandscapeLeft UIInterfaceOrientationLandscapeRight";
				IPHONEOS_DEPLOYMENT_TARGET = 17.2;
				LD_RUNPATH_SEARCH_PATHS = (
					"$(inherited)",
					"@executable_path/Frameworks",
				);
				MARKETING_VERSION = 1.0;
				PRODUCT_BUNDLE_IDENTIFIER = co.hotdata.Rythmm;
				PRODUCT_NAME = "$(TARGET_NAME)";
				SDKROOT = iphoneos;
				SWIFT_EMIT_LOC_STRINGS = YES;
				SWIFT_VERSION = 5.0;
				TARGETED_DEVICE_FAMILY = "1,2";
			};
			name = Debug;
		};
		1C4930AA2B46CB5500CFDA96 /* Release */ = {
			isa = XCBuildConfiguration;
			buildSettings = {
				ALWAYS_EMBED_SWIFT_STANDARD_LIBRARIES = YES;
				ASSETCATALOG_COMPILER_APPICON_NAME = AppIcon;
				ASSETCATALOG_COMPILER_GLOBAL_ACCENT_COLOR_NAME = AccentColor;
				CODE_SIGN_STYLE = Automatic;
				CURRENT_PROJECT_VERSION = 1;
				DEVELOPMENT_ASSET_PATHS = "\"Rythmm/Preview Content\"";
				DEVELOPMENT_TEAM = F4Z7AD8U23;
				ENABLE_PREVIEWS = YES;
				GENERATE_INFOPLIST_FILE = YES;
				INFOPLIST_FILE = Rythmm/Info.plist;
				INFOPLIST_KEY_CFBundleDisplayName = Rythmm;
				INFOPLIST_KEY_UIApplicationSceneManifest_Generation = YES;
				INFOPLIST_KEY_UIApplicationSupportsIndirectInputEvents = YES;
				INFOPLIST_KEY_UILaunchScreen_Generation = YES;
				INFOPLIST_KEY_UISupportedInterfaceOrientations_iPad = "UIInterfaceOrientationPortrait UIInterfaceOrientationPortraitUpsideDown UIInterfaceOrientationLandscapeLeft UIInterfaceOrientationLandscapeRight";
				INFOPLIST_KEY_UISupportedInterfaceOrientations_iPhone = "UIInterfaceOrientationPortrait UIInterfaceOrientationLandscapeLeft UIInterfaceOrientationLandscapeRight";
				IPHONEOS_DEPLOYMENT_TARGET = 17.2;
				LD_RUNPATH_SEARCH_PATHS = (
					"$(inherited)",
					"@executable_path/Frameworks",
				);
				MARKETING_VERSION = 1.0;
				PRODUCT_BUNDLE_IDENTIFIER = co.hotdata.Rythmm;
				PRODUCT_NAME = "$(TARGET_NAME)";
				SDKROOT = iphoneos;
				SWIFT_EMIT_LOC_STRINGS = YES;
				SWIFT_VERSION = 5.0;
				TARGETED_DEVICE_FAMILY = "1,2";
				VALIDATE_PRODUCT = YES;
			};
			name = Release;
		};
		1C4930AC2B46CB5500CFDA96 /* Debug */ = {
			isa = XCBuildConfiguration;
			buildSettings = {
				ALWAYS_EMBED_SWIFT_STANDARD_LIBRARIES = YES;
				BUNDLE_LOADER = "$(TEST_HOST)";
				CODE_SIGN_STYLE = Automatic;
				CURRENT_PROJECT_VERSION = 1;
				DEVELOPMENT_TEAM = F4Z7AD8U23;
				GENERATE_INFOPLIST_FILE = YES;
				IPHONEOS_DEPLOYMENT_TARGET = 17.2;
				MARKETING_VERSION = 1.0;
				PRODUCT_BUNDLE_IDENTIFIER = co.hotdata.RythmmTests;
				PRODUCT_NAME = "$(TARGET_NAME)";
				SDKROOT = iphoneos;
				SWIFT_EMIT_LOC_STRINGS = NO;
				SWIFT_VERSION = 5.0;
				TARGETED_DEVICE_FAMILY = "1,2";
				TEST_HOST = "$(BUILT_PRODUCTS_DIR)/Rythmm.app/$(BUNDLE_EXECUTABLE_FOLDER_PATH)/Rythmm";
			};
			name = Debug;
		};
		1C4930AD2B46CB5500CFDA96 /* Release */ = {
			isa = XCBuildConfiguration;
			buildSettings = {
				ALWAYS_EMBED_SWIFT_STANDARD_LIBRARIES = YES;
				BUNDLE_LOADER = "$(TEST_HOST)";
				CODE_SIGN_STYLE = Automatic;
				CURRENT_PROJECT_VERSION = 1;
				DEVELOPMENT_TEAM = F4Z7AD8U23;
				GENERATE_INFOPLIST_FILE = YES;
				IPHONEOS_DEPLOYMENT_TARGET = 17.2;
				MARKETING_VERSION = 1.0;
				PRODUCT_BUNDLE_IDENTIFIER = co.hotdata.RythmmTests;
				PRODUCT_NAME = "$(TARGET_NAME)";
				SDKROOT = iphoneos;
				SWIFT_EMIT_LOC_STRINGS = NO;
				SWIFT_VERSION = 5.0;
				TARGETED_DEVICE_FAMILY = "1,2";
				TEST_HOST = "$(BUILT_PRODUCTS_DIR)/Rythmm.app/$(BUNDLE_EXECUTABLE_FOLDER_PATH)/Rythmm";
				VALIDATE_PRODUCT = YES;
			};
			name = Release;
		};
		1C4930AF2B46CB5500CFDA96 /* Debug */ = {
			isa = XCBuildConfiguration;
			buildSettings = {
				ALWAYS_EMBED_SWIFT_STANDARD_LIBRARIES = YES;
				CODE_SIGN_STYLE = Automatic;
				CURRENT_PROJECT_VERSION = 1;
				DEVELOPMENT_TEAM = F4Z7AD8U23;
				GENERATE_INFOPLIST_FILE = YES;
				IPHONEOS_DEPLOYMENT_TARGET = 17.2;
				MARKETING_VERSION = 1.0;
				PRODUCT_BUNDLE_IDENTIFIER = co.hotdata.RythmmUITests;
				PRODUCT_NAME = "$(TARGET_NAME)";
				SDKROOT = iphoneos;
				SWIFT_EMIT_LOC_STRINGS = NO;
				SWIFT_VERSION = 5.0;
				TARGETED_DEVICE_FAMILY = "1,2";
				TEST_TARGET_NAME = Rythmm;
			};
			name = Debug;
		};
		1C4930B02B46CB5500CFDA96 /* Release */ = {
			isa = XCBuildConfiguration;
			buildSettings = {
				ALWAYS_EMBED_SWIFT_STANDARD_LIBRARIES = YES;
				CODE_SIGN_STYLE = Automatic;
				CURRENT_PROJECT_VERSION = 1;
				DEVELOPMENT_TEAM = F4Z7AD8U23;
				GENERATE_INFOPLIST_FILE = YES;
				IPHONEOS_DEPLOYMENT_TARGET = 17.2;
				MARKETING_VERSION = 1.0;
				PRODUCT_BUNDLE_IDENTIFIER = co.hotdata.RythmmUITests;
				PRODUCT_NAME = "$(TARGET_NAME)";
				SDKROOT = iphoneos;
				SWIFT_EMIT_LOC_STRINGS = NO;
				SWIFT_VERSION = 5.0;
				TARGETED_DEVICE_FAMILY = "1,2";
				TEST_TARGET_NAME = Rythmm;
				VALIDATE_PRODUCT = YES;
			};
			name = Release;
		};
		1C4930B22B46CB5500CFDA96 /* Debug */ = {
			isa = XCBuildConfiguration;
			buildSettings = {
				ALWAYS_EMBED_SWIFT_STANDARD_LIBRARIES = YES;
				BUNDLE_LOADER = "$(TEST_HOST)";
				CODE_SIGN_STYLE = Automatic;
				CURRENT_PROJECT_VERSION = 1;
				DEVELOPMENT_TEAM = F4Z7AD8U23;
				GENERATE_INFOPLIST_FILE = YES;
				MARKETING_VERSION = 1.0;
				PRODUCT_BUNDLE_IDENTIFIER = "co.hotdata.Rythmm-Watch-AppTests";
				PRODUCT_NAME = "$(TARGET_NAME)";
				SDKROOT = watchos;
				SWIFT_EMIT_LOC_STRINGS = NO;
				SWIFT_VERSION = 5.0;
				TARGETED_DEVICE_FAMILY = 4;
				TEST_HOST = "$(BUILT_PRODUCTS_DIR)/Rythmm Watch App.app/$(BUNDLE_EXECUTABLE_FOLDER_PATH)/Rythmm Watch App";
				WATCHOS_DEPLOYMENT_TARGET = 10.2;
			};
			name = Debug;
		};
		1C4930B32B46CB5500CFDA96 /* Release */ = {
			isa = XCBuildConfiguration;
			buildSettings = {
				ALWAYS_EMBED_SWIFT_STANDARD_LIBRARIES = YES;
				BUNDLE_LOADER = "$(TEST_HOST)";
				CODE_SIGN_STYLE = Automatic;
				CURRENT_PROJECT_VERSION = 1;
				DEVELOPMENT_TEAM = F4Z7AD8U23;
				GENERATE_INFOPLIST_FILE = YES;
				MARKETING_VERSION = 1.0;
				PRODUCT_BUNDLE_IDENTIFIER = "co.hotdata.Rythmm-Watch-AppTests";
				PRODUCT_NAME = "$(TARGET_NAME)";
				SDKROOT = watchos;
				SWIFT_EMIT_LOC_STRINGS = NO;
				SWIFT_VERSION = 5.0;
				TARGETED_DEVICE_FAMILY = 4;
				TEST_HOST = "$(BUILT_PRODUCTS_DIR)/Rythmm Watch App.app/$(BUNDLE_EXECUTABLE_FOLDER_PATH)/Rythmm Watch App";
				VALIDATE_PRODUCT = YES;
				WATCHOS_DEPLOYMENT_TARGET = 10.2;
			};
			name = Release;
		};
		1C4930B52B46CB5500CFDA96 /* Debug */ = {
			isa = XCBuildConfiguration;
			buildSettings = {
				ALWAYS_EMBED_SWIFT_STANDARD_LIBRARIES = YES;
				CODE_SIGN_STYLE = Automatic;
				CURRENT_PROJECT_VERSION = 1;
				DEVELOPMENT_TEAM = F4Z7AD8U23;
				GENERATE_INFOPLIST_FILE = YES;
				MARKETING_VERSION = 1.0;
				PRODUCT_BUNDLE_IDENTIFIER = "co.hotdata.Rythmm-Watch-AppUITests";
				PRODUCT_NAME = "$(TARGET_NAME)";
				SDKROOT = watchos;
				SWIFT_EMIT_LOC_STRINGS = NO;
				SWIFT_VERSION = 5.0;
				TARGETED_DEVICE_FAMILY = 4;
				TEST_TARGET_NAME = "Rythmm Watch App";
				WATCHOS_DEPLOYMENT_TARGET = 10.2;
			};
			name = Debug;
		};
		1C4930B62B46CB5500CFDA96 /* Release */ = {
			isa = XCBuildConfiguration;
			buildSettings = {
				ALWAYS_EMBED_SWIFT_STANDARD_LIBRARIES = YES;
				CODE_SIGN_STYLE = Automatic;
				CURRENT_PROJECT_VERSION = 1;
				DEVELOPMENT_TEAM = F4Z7AD8U23;
				GENERATE_INFOPLIST_FILE = YES;
				MARKETING_VERSION = 1.0;
				PRODUCT_BUNDLE_IDENTIFIER = "co.hotdata.Rythmm-Watch-AppUITests";
				PRODUCT_NAME = "$(TARGET_NAME)";
				SDKROOT = watchos;
				SWIFT_EMIT_LOC_STRINGS = NO;
				SWIFT_VERSION = 5.0;
				TARGETED_DEVICE_FAMILY = 4;
				TEST_TARGET_NAME = "Rythmm Watch App";
				VALIDATE_PRODUCT = YES;
				WATCHOS_DEPLOYMENT_TARGET = 10.2;
			};
			name = Release;
		};
/* End XCBuildConfiguration section */

/* Begin XCConfigurationList section */
		1C4930532B46CB5100CFDA96 /* Build configuration list for PBXProject "Rythmm" */ = {
			isa = XCConfigurationList;
			buildConfigurations = (
				1C4930A22B46CB5500CFDA96 /* Debug */,
				1C4930A32B46CB5500CFDA96 /* Release */,
			);
			defaultConfigurationIsVisible = 0;
			defaultConfigurationName = Release;
		};
		1C4930A42B46CB5500CFDA96 /* Build configuration list for PBXNativeTarget "Rythmm Watch App" */ = {
			isa = XCConfigurationList;
			buildConfigurations = (
				1C4930A52B46CB5500CFDA96 /* Debug */,
				1C4930A62B46CB5500CFDA96 /* Release */,
			);
			defaultConfigurationIsVisible = 0;
			defaultConfigurationName = Release;
		};
		1C4930A82B46CB5500CFDA96 /* Build configuration list for PBXNativeTarget "Rythmm" */ = {
			isa = XCConfigurationList;
			buildConfigurations = (
				1C4930A92B46CB5500CFDA96 /* Debug */,
				1C4930AA2B46CB5500CFDA96 /* Release */,
			);
			defaultConfigurationIsVisible = 0;
			defaultConfigurationName = Release;
		};
		1C4930AB2B46CB5500CFDA96 /* Build configuration list for PBXNativeTarget "RythmmTests" */ = {
			isa = XCConfigurationList;
			buildConfigurations = (
				1C4930AC2B46CB5500CFDA96 /* Debug */,
				1C4930AD2B46CB5500CFDA96 /* Release */,
			);
			defaultConfigurationIsVisible = 0;
			defaultConfigurationName = Release;
		};
		1C4930AE2B46CB5500CFDA96 /* Build configuration list for PBXNativeTarget "RythmmUITests" */ = {
			isa = XCConfigurationList;
			buildConfigurations = (
				1C4930AF2B46CB5500CFDA96 /* Debug */,
				1C4930B02B46CB5500CFDA96 /* Release */,
			);
			defaultConfigurationIsVisible = 0;
			defaultConfigurationName = Release;
		};
		1C4930B12B46CB5500CFDA96 /* Build configuration list for PBXNativeTarget "Rythmm Watch AppTests" */ = {
			isa = XCConfigurationList;
			buildConfigurations = (
				1C4930B22B46CB5500CFDA96 /* Debug */,
				1C4930B32B46CB5500CFDA96 /* Release */,
			);
			defaultConfigurationIsVisible = 0;
			defaultConfigurationName = Release;
		};
		1C4930B42B46CB5500CFDA96 /* Build configuration list for PBXNativeTarget "Rythmm Watch AppUITests" */ = {
			isa = XCConfigurationList;
			buildConfigurations = (
				1C4930B52B46CB5500CFDA96 /* Debug */,
				1C4930B62B46CB5500CFDA96 /* Release */,
			);
			defaultConfigurationIsVisible = 0;
			defaultConfigurationName = Release;
		};
/* End XCConfigurationList section */
	};
	rootObject = 1C4930502B46CB5100CFDA96 /* Project object */;
}
